<?xml version="1.0" encoding="utf-8"?>
<Project ToolsVersion="4.0" xmlns="http://schemas.microsoft.com/developer/msbuild/2003">
  <ItemGroup>
    <Filter Include="소스 파일">
      <UniqueIdentifier>{4FC737F1-C7A5-4376-A066-2A32D752A2FF}</UniqueIdentifier>
      <Extensions>cpp;c;cc;cxx;c++;cppm;ixx;def;odl;idl;hpj;bat;asm;asmx</Extensions>
    </Filter>
    <Filter Include="헤더 파일">
      <UniqueIdentifier>{93995380-89BD-4b04-88EB-625FBE52EBFB}</UniqueIdentifier>
      <Extensions>h;hh;hpp;hxx;h++;hm;inl;inc;ipp;xsd</Extensions>
    </Filter>
    <Filter Include="리소스 파일">
      <UniqueIdentifier>{67DA6AB6-F800-4c08-8B7A-83BB121AAD01}</UniqueIdentifier>
      <Extensions>rc;ico;cur;bmp;dlg;rc2;rct;bin;rgs;gif;jpg;jpeg;jpe;resx;tiff;tif;png;wav;mfcribbon-ms</Extensions>
    </Filter>
    <Filter Include="헤더 파일\인터페이스">
      <UniqueIdentifier>{1aa21f01-0cb3-496b-b846-4d654ab0fd85}</UniqueIdentifier>
    </Filter>
    <Filter Include="헤더 파일\매니저">
      <UniqueIdentifier>{27b0898a-1aab-47f2-80eb-ca3ed1790c84}</UniqueIdentifier>
    </Filter>
    <Filter Include="헤더 파일\코어 컴포넌트">
      <UniqueIdentifier>{07fb9b90-ae04-4315-8304-46cd83e1c8d8}</UniqueIdentifier>
    </Filter>
    <Filter Include="헤더 파일\구조체">
      <UniqueIdentifier>{26b1ff74-5442-4842-a154-1126a195005d}</UniqueIdentifier>
    </Filter>
    <Filter Include="헤더 파일\헬퍼">
      <UniqueIdentifier>{8be03591-20a0-4c9d-b06a-6062ee75b743}</UniqueIdentifier>
    </Filter>
    <Filter Include="소스 파일\헬퍼">
      <UniqueIdentifier>{68f16de1-72be-46f9-8591-32a18601eb5f}</UniqueIdentifier>
    </Filter>
    <Filter Include="소스 파일\구조체">
      <UniqueIdentifier>{010caf0b-35d7-422e-815d-7b7b80c805b5}</UniqueIdentifier>
    </Filter>
    <Filter Include="소스 파일\코어 컴포넌트">
      <UniqueIdentifier>{f4344f32-e5cb-4fc9-9719-909b99e02ab4}</UniqueIdentifier>
    </Filter>
    <Filter Include="소스 파일\매니저">
      <UniqueIdentifier>{c9a0aa3d-dbc0-445f-bf87-c871ae6c8f19}</UniqueIdentifier>
    </Filter>
    <Filter Include="헤더 파일\리소스">
      <UniqueIdentifier>{b7877f06-c4f6-4971-8146-7985a713e6e8}</UniqueIdentifier>
    </Filter>
    <Filter Include="소스 파일\리소스">
      <UniqueIdentifier>{0cef9de0-821f-4927-9d4c-aaa3af7effd1}</UniqueIdentifier>
    </Filter>
    <Filter Include="소스 파일\리소스\구현체">
      <UniqueIdentifier>{51f15628-e456-449b-bb03-c3edeaba996f}</UniqueIdentifier>
    </Filter>
    <Filter Include="헤더 파일\리소스\구현체">
      <UniqueIdentifier>{ecfd3104-fdda-4a99-8331-0202b13b512b}</UniqueIdentifier>
    </Filter>
    <Filter Include="소스 파일\Box2D">
      <UniqueIdentifier>{b862fd00-742b-4661-9596-f85cd9a5a347}</UniqueIdentifier>
    </Filter>
    <Filter Include="헤더 파일\Box2D">
      <UniqueIdentifier>{db2dffea-506e-458f-b62c-9bd35dca09eb}</UniqueIdentifier>
    </Filter>
    <Filter Include="헤더 파일\miniaudio">
      <UniqueIdentifier>{7c21825b-6077-476e-b9ec-0db666d780e5}</UniqueIdentifier>
    </Filter>
    <Filter Include="소스 파일\miniaudio">
      <UniqueIdentifier>{1a9b3b47-728a-42e1-9ac0-1c1222e6a642}</UniqueIdentifier>
    </Filter>
  </ItemGroup>
  <ItemGroup>
    <ClInclude Include="inc\Delegate.h">
      <Filter>헤더 파일</Filter>
    </ClInclude>
    <ClInclude Include="inc\Engine.h">
      <Filter>헤더 파일</Filter>
    </ClInclude>
    <ClInclude Include="inc\framework.h">
      <Filter>헤더 파일</Filter>
    </ClInclude>
    <ClInclude Include="inc\Mathf.h">
      <Filter>헤더 파일</Filter>
    </ClInclude>
    <ClInclude Include="inc\Object.h">
      <Filter>헤더 파일</Filter>
    </ClInclude>
    <ClInclude Include="inc\pch.h">
      <Filter>헤더 파일</Filter>
    </ClInclude>
    <ClInclude Include="inc\Scene.h">
      <Filter>헤더 파일</Filter>
    </ClInclude>
    <ClInclude Include="inc\Singleton.h">
      <Filter>헤더 파일</Filter>
    </ClInclude>
    <ClInclude Include="inc\WinAPIWindow.h">
      <Filter>헤더 파일</Filter>
    </ClInclude>
    <ClInclude Include="inc\IRenderAPI.h">
      <Filter>헤더 파일\인터페이스</Filter>
    </ClInclude>
    <ClInclude Include="inc\IWindow.h">
      <Filter>헤더 파일\인터페이스</Filter>
    </ClInclude>
    <ClInclude Include="inc\InputManager.h">
      <Filter>헤더 파일\매니저</Filter>
    </ClInclude>
    <ClInclude Include="inc\RenderManager.h">
      <Filter>헤더 파일\매니저</Filter>
    </ClInclude>
    <ClInclude Include="inc\ResourceManager.h">
      <Filter>헤더 파일\매니저</Filter>
    </ClInclude>
    <ClInclude Include="inc\SceneManager.h">
      <Filter>헤더 파일\매니저</Filter>
    </ClInclude>
    <ClInclude Include="inc\TimeManager.h">
      <Filter>헤더 파일\매니저</Filter>
    </ClInclude>
    <ClInclude Include="inc\D2DRenderAPI.h">
      <Filter>헤더 파일</Filter>
    </ClInclude>
    <ClInclude Include="inc\GameObject.h">
      <Filter>헤더 파일</Filter>
    </ClInclude>
    <ClInclude Include="inc\Component.h">
      <Filter>헤더 파일</Filter>
    </ClInclude>
    <ClInclude Include="inc\ObjectDestructionManager.h">
      <Filter>헤더 파일\매니저</Filter>
    </ClInclude>
    <ClInclude Include="inc\BehaviourManager.h">
      <Filter>헤더 파일\매니저</Filter>
    </ClInclude>
    <ClInclude Include="inc\WinAPIInputSystem.h">
      <Filter>헤더 파일</Filter>
    </ClInclude>
    <ClInclude Include="inc\IInputSystem.h">
      <Filter>헤더 파일\인터페이스</Filter>
    </ClInclude>
    <ClInclude Include="inc\IDisopose.h">
      <Filter>헤더 파일\인터페이스</Filter>
    </ClInclude>
    <ClInclude Include="inc\ScriptBehaviour.h">
      <Filter>헤더 파일\코어 컴포넌트</Filter>
    </ClInclude>
    <ClInclude Include="inc\Behaviour.h">
      <Filter>헤더 파일\코어 컴포넌트</Filter>
    </ClInclude>
    <ClInclude Include="inc\Transform.h">
      <Filter>헤더 파일\코어 컴포넌트</Filter>
    </ClInclude>
    <ClInclude Include="inc\Color.h">
      <Filter>헤더 파일\구조체</Filter>
    </ClInclude>
    <ClInclude Include="inc\BBox.h">
      <Filter>헤더 파일\구조체</Filter>
    </ClInclude>
    <ClInclude Include="inc\Quaternion.h">
      <Filter>헤더 파일\구조체</Filter>
    </ClInclude>
    <ClInclude Include="inc\Vector2.h">
      <Filter>헤더 파일\구조체</Filter>
    </ClInclude>
    <ClInclude Include="inc\Vector3.h">
      <Filter>헤더 파일\구조체</Filter>
    </ClInclude>
    <ClInclude Include="inc\Vector4.h">
      <Filter>헤더 파일\구조체</Filter>
    </ClInclude>
    <ClInclude Include="inc\DWriteHelper.h">
      <Filter>헤더 파일\헬퍼</Filter>
    </ClInclude>
    <ClInclude Include="inc\WStringHelper.h">
      <Filter>헤더 파일\헬퍼</Filter>
    </ClInclude>
    <ClInclude Include="inc\WICHelper.h">
      <Filter>헤더 파일\헬퍼</Filter>
    </ClInclude>
    <ClInclude Include="inc\SpriteRenderer.h">
      <Filter>헤더 파일\코어 컴포넌트</Filter>
    </ClInclude>
    <ClInclude Include="inc\TextRenderer.h">
      <Filter>헤더 파일\코어 컴포넌트</Filter>
    </ClInclude>
    <ClInclude Include="inc\Renderer.h">
      <Filter>헤더 파일\코어 컴포넌트</Filter>
    </ClInclude>
    <ClInclude Include="inc\Camera.h">
      <Filter>헤더 파일\코어 컴포넌트</Filter>
    </ClInclude>
    <ClInclude Include="inc\Rect.h">
      <Filter>헤더 파일\구조체</Filter>
    </ClInclude>
    <ClInclude Include="inc\Matrix3x3.h">
      <Filter>헤더 파일\구조체</Filter>
    </ClInclude>
    <ClInclude Include="inc\Matrix4x4.h">
      <Filter>헤더 파일\구조체</Filter>
    </ClInclude>
    <ClInclude Include="inc\Resource.h">
      <Filter>헤더 파일</Filter>
    </ClInclude>
    <ClInclude Include="inc\IRenderBitmap.h">
      <Filter>헤더 파일\인터페이스</Filter>
    </ClInclude>
    <ClInclude Include="inc\json.hpp">
      <Filter>헤더 파일</Filter>
    </ClInclude>
    <ClInclude Include="inc\TextHelper.h">
      <Filter>헤더 파일\헬퍼</Filter>
    </ClInclude>
    <ClInclude Include="inc\Texture2D.h">
      <Filter>헤더 파일\리소스</Filter>
    </ClInclude>
    <ClInclude Include="inc\Font.h">
      <Filter>헤더 파일\리소스</Filter>
    </ClInclude>
    <ClInclude Include="inc\Sprite.h">
      <Filter>헤더 파일\리소스</Filter>
    </ClInclude>
    <ClInclude Include="inc\D2DBitmap.h">
      <Filter>헤더 파일\리소스\구현체</Filter>
    </ClInclude>
    <ClInclude Include="inc\D2DFont.h">
      <Filter>헤더 파일\리소스\구현체</Filter>
    </ClInclude>
    <ClInclude Include="inc\AnimationClip.h">
      <Filter>헤더 파일\리소스</Filter>
    </ClInclude>
    <ClInclude Include="inc\AnimatorController.h">
      <Filter>헤더 파일\리소스</Filter>
    </ClInclude>
    <ClInclude Include="inc\Animator.h">
      <Filter>헤더 파일\코어 컴포넌트</Filter>
    </ClInclude>
    <ClInclude Include="inc\IRenderFont.h">
      <Filter>헤더 파일\인터페이스</Filter>
    </ClInclude>
    <ClInclude Include="inc\RuntimeAnimatorController.h">
      <Filter>헤더 파일</Filter>
    </ClInclude>
    <ClInclude Include="inc\box2d-lite\Arbiter.h">
      <Filter>헤더 파일\Box2D</Filter>
    </ClInclude>
    <ClInclude Include="inc\box2d-lite\Body.h">
      <Filter>헤더 파일\Box2D</Filter>
    </ClInclude>
    <ClInclude Include="inc\PhysicsManager.h">
      <Filter>헤더 파일\매니저</Filter>
    </ClInclude>
    <ClInclude Include="inc\RigidBody2D.h">
      <Filter>헤더 파일\코어 컴포넌트</Filter>
    </ClInclude>
    <ClInclude Include="inc\box2d-lite\MathUtils.h">
      <Filter>헤더 파일\Box2D</Filter>
    </ClInclude>
    <ClInclude Include="inc\box2d-lite\Joint.h">
      <Filter>헤더 파일\Box2D</Filter>
    </ClInclude>
    <ClInclude Include="inc\box2d-lite\World.h">
      <Filter>헤더 파일\Box2D</Filter>
    </ClInclude>
    <ClInclude Include="inc\Collider2D.h">
      <Filter>헤더 파일\코어 컴포넌트</Filter>
    </ClInclude>
    <ClInclude Include="inc\IGamepadDevice.h">
      <Filter>헤더 파일\인터페이스</Filter>
    </ClInclude>
    <ClInclude Include="inc\XInputGamepadDevice.h">
      <Filter>헤더 파일</Filter>
    </ClInclude>
    <ClInclude Include="inc\AudioManager.h">
      <Filter>헤더 파일\매니저</Filter>
    </ClInclude>
    <ClInclude Include="inc\AudioClip.h">
      <Filter>헤더 파일\리소스</Filter>
    </ClInclude>
    <ClInclude Include="inc\AudioSource.h">
      <Filter>헤더 파일\코어 컴포넌트</Filter>
    </ClInclude>
    <ClInclude Include="inc\AudioListener.h">
      <Filter>헤더 파일\코어 컴포넌트</Filter>
    </ClInclude>
    <ClInclude Include="inc\miniaudio\miniaudio.h">
      <Filter>헤더 파일\miniaudio</Filter>
    </ClInclude>
    <ClInclude Include="inc\Screen.h">
      <Filter>헤더 파일</Filter>
    </ClInclude>
    <ClInclude Include="inc\Canvas.h">
      <Filter>헤더 파일\코어 컴포넌트</Filter>
    </ClInclude>
    <ClInclude Include="inc\RectTransform.h">
      <Filter>헤더 파일\코어 컴포넌트</Filter>
    </ClInclude>
    <ClInclude Include="inc\Graphic.h">
      <Filter>헤더 파일\코어 컴포넌트</Filter>
    </ClInclude>
    <ClInclude Include="inc\UIBehaviour.h">
      <Filter>헤더 파일\코어 컴포넌트</Filter>
    </ClInclude>
    <ClInclude Include="inc\Image.h">
      <Filter>헤더 파일\코어 컴포넌트</Filter>
    </ClInclude>
    <ClInclude Include="inc\Text.h">
      <Filter>헤더 파일\코어 컴포넌트</Filter>
    </ClInclude>
    <ClInclude Include="inc\AnimationCurve.h">
      <Filter>헤더 파일</Filter>
    </ClInclude>
    <ClInclude Include="inc\RectRenderer.h">
      <Filter>헤더 파일\코어 컴포넌트</Filter>
    </ClInclude>
    <ClInclude Include="inc\RadialSpriteRenderer.h">
      <Filter>헤더 파일\코어 컴포넌트</Filter>
    </ClInclude>
    <ClInclude Include="inc\ParticleSystem.h">
      <Filter>헤더 파일\코어 컴포넌트</Filter>
    </ClInclude>
  </ItemGroup>
  <ItemGroup>
    <ClCompile Include="src\InputManager.cpp">
      <Filter>소스 파일\매니저</Filter>
    </ClCompile>
    <ClCompile Include="src\RenderManager.cpp">
      <Filter>소스 파일\매니저</Filter>
    </ClCompile>
    <ClCompile Include="src\ResourceManager.cpp">
      <Filter>소스 파일\매니저</Filter>
    </ClCompile>
    <ClCompile Include="src\SceneManager.cpp">
      <Filter>소스 파일\매니저</Filter>
    </ClCompile>
    <ClCompile Include="src\TimeManager.cpp">
      <Filter>소스 파일\매니저</Filter>
    </ClCompile>
    <ClCompile Include="src\Scene.cpp">
      <Filter>소스 파일</Filter>
    </ClCompile>
    <ClCompile Include="src\WinAPIWindow.cpp">
      <Filter>소스 파일</Filter>
    </ClCompile>
    <ClCompile Include="src\Engine.cpp">
      <Filter>소스 파일</Filter>
    </ClCompile>
    <ClCompile Include="src\Mathf.cpp">
      <Filter>소스 파일</Filter>
    </ClCompile>
    <ClCompile Include="src\pch.cpp">
      <Filter>소스 파일</Filter>
    </ClCompile>
    <ClCompile Include="src\D2DRenderAPI.cpp">
      <Filter>소스 파일</Filter>
    </ClCompile>
    <ClCompile Include="src\Object.cpp">
      <Filter>소스 파일</Filter>
    </ClCompile>
    <ClCompile Include="src\GameObject.cpp">
      <Filter>소스 파일</Filter>
    </ClCompile>
    <ClCompile Include="src\BehaviourManager.cpp">
      <Filter>소스 파일\매니저</Filter>
    </ClCompile>
    <ClCompile Include="src\WinAPIInputSystem.cpp">
      <Filter>소스 파일</Filter>
    </ClCompile>
    <ClCompile Include="src\ObjectDestructionManager.cpp">
      <Filter>소스 파일\매니저</Filter>
    </ClCompile>
    <ClCompile Include="src\Matrix4x4.cpp">
      <Filter>소스 파일\구조체</Filter>
    </ClCompile>
    <ClCompile Include="src\BBox.cpp">
      <Filter>소스 파일\구조체</Filter>
    </ClCompile>
    <ClCompile Include="src\WStringHelper.cpp">
      <Filter>소스 파일\헬퍼</Filter>
    </ClCompile>
    <ClCompile Include="src\WICHelper.cpp">
      <Filter>소스 파일\헬퍼</Filter>
    </ClCompile>
    <ClCompile Include="src\DWriteHelper.cpp">
      <Filter>소스 파일\헬퍼</Filter>
    </ClCompile>
    <ClCompile Include="src\Quaternion.cpp">
      <Filter>소스 파일\구조체</Filter>
    </ClCompile>
    <ClCompile Include="src\Transform.cpp">
      <Filter>소스 파일\코어 컴포넌트</Filter>
    </ClCompile>
    <ClCompile Include="src\Behaviour.cpp">
      <Filter>소스 파일\코어 컴포넌트</Filter>
    </ClCompile>
    <ClCompile Include="src\Camera.cpp">
      <Filter>소스 파일\코어 컴포넌트</Filter>
    </ClCompile>
    <ClCompile Include="src\Renderer.cpp">
      <Filter>소스 파일\코어 컴포넌트</Filter>
    </ClCompile>
    <ClCompile Include="src\Matrix3x3.cpp">
      <Filter>소스 파일\구조체</Filter>
    </ClCompile>
    <ClCompile Include="src\SpriteRenderer.cpp">
      <Filter>소스 파일\코어 컴포넌트</Filter>
    </ClCompile>
    <ClCompile Include="src\Font.cpp">
      <Filter>소스 파일\리소스</Filter>
    </ClCompile>
    <ClCompile Include="src\Sprite.cpp">
      <Filter>소스 파일\리소스</Filter>
    </ClCompile>
    <ClCompile Include="src\Texture2D.cpp">
      <Filter>소스 파일\리소스</Filter>
    </ClCompile>
    <ClCompile Include="src\D2DFont.cpp">
      <Filter>소스 파일\리소스\구현체</Filter>
    </ClCompile>
    <ClCompile Include="src\AnimationClip.cpp">
      <Filter>소스 파일\리소스</Filter>
    </ClCompile>
    <ClCompile Include="src\AnimatorController.cpp">
      <Filter>소스 파일\리소스</Filter>
    </ClCompile>
    <ClCompile Include="src\Animator.cpp">
      <Filter>소스 파일\코어 컴포넌트</Filter>
    </ClCompile>
    <ClCompile Include="src\Collider2D.cpp">
      <Filter>소스 파일\코어 컴포넌트</Filter>
    </ClCompile>
    <ClCompile Include="src\box2d-lite\Joint.cpp">
      <Filter>소스 파일\Box2D</Filter>
    </ClCompile>
    <ClCompile Include="src\box2d-lite\Body.cpp">
      <Filter>소스 파일\Box2D</Filter>
    </ClCompile>
    <ClCompile Include="src\box2d-lite\Collide.cpp">
      <Filter>소스 파일\Box2D</Filter>
    </ClCompile>
    <ClCompile Include="src\box2d-lite\Arbiter.cpp">
      <Filter>소스 파일\Box2D</Filter>
    </ClCompile>
    <ClCompile Include="src\box2d-lite\World.cpp">
      <Filter>소스 파일\Box2D</Filter>
    </ClCompile>
    <ClCompile Include="src\RigidBody2D.cpp">
      <Filter>소스 파일\코어 컴포넌트</Filter>
    </ClCompile>
    <ClCompile Include="src\TextRenderer.cpp">
      <Filter>소스 파일\코어 컴포넌트</Filter>
    </ClCompile>
    <ClCompile Include="src\RuntimeAnimatorController.cpp">
      <Filter>소스 파일</Filter>
    </ClCompile>
    <ClCompile Include="src\PhysicsManager.cpp">
      <Filter>소스 파일\매니저</Filter>
    </ClCompile>
    <ClCompile Include="src\XInputGamepadDevice.cpp">
      <Filter>소스 파일</Filter>
    </ClCompile>
    <ClCompile Include="src\AudioManager.cpp">
      <Filter>소스 파일\매니저</Filter>
    </ClCompile>
    <ClCompile Include="src\AudioClip.cpp">
      <Filter>소스 파일\리소스</Filter>
    </ClCompile>
    <ClCompile Include="src\AudioSource.cpp">
      <Filter>소스 파일\코어 컴포넌트</Filter>
    </ClCompile>
    <ClCompile Include="src\AudioListener.cpp">
      <Filter>소스 파일\코어 컴포넌트</Filter>
    </ClCompile>
    <ClCompile Include="src\miniaudio\miniaudio.c">
      <Filter>소스 파일\miniaudio</Filter>
    </ClCompile>
    <ClCompile Include="src\Graphic.cpp">
      <Filter>소스 파일\코어 컴포넌트</Filter>
    </ClCompile>
    <ClCompile Include="src\Canvas.cpp">
      <Filter>소스 파일\코어 컴포넌트</Filter>
    </ClCompile>
    <ClCompile Include="src\RectTransform.cpp">
      <Filter>소스 파일\코어 컴포넌트</Filter>
    </ClCompile>
    <ClCompile Include="src\UIBehaviour.cpp">
      <Filter>소스 파일\코어 컴포넌트</Filter>
    </ClCompile>
    <ClCompile Include="src\Image.cpp">
      <Filter>소스 파일\코어 컴포넌트</Filter>
    </ClCompile>
    <ClCompile Include="src\Text.cpp">
      <Filter>소스 파일</Filter>
    </ClCompile>
    <ClCompile Include="src\RadialSpriteRenderer.cpp">
      <Filter>소스 파일</Filter>
    </ClCompile>
    <ClCompile Include="src\RectRenderer.cpp">
      <Filter>소스 파일\코어 컴포넌트</Filter>
    </ClCompile>
    <ClCompile Include="src\ParticleSystem.cpp">
      <Filter>소스 파일\코어 컴포넌트</Filter>
    </ClCompile>
  </ItemGroup>
</Project>