<?xml version="1.0" encoding="utf-8"?>
<Project ToolsVersion="4.0" xmlns="http://schemas.microsoft.com/developer/msbuild/2003">
  <ItemGroup>
    <Filter Include="소스 파일">
      <UniqueIdentifier>{4FC737F1-C7A5-4376-A066-2A32D752A2FF}</UniqueIdentifier>
      <Extensions>cpp;c;cc;cxx;c++;cppm;ixx;def;odl;idl;hpj;bat;asm;asmx</Extensions>
    </Filter>
    <Filter Include="소스 파일\씬">
      <UniqueIdentifier>{c38e7692-c625-4ab9-961c-8e8fb4f69126}</UniqueIdentifier>
    </Filter>
    <Filter Include="소스 파일\컴포넌트">
      <UniqueIdentifier>{344271f4-4d53-4f40-8f50-3d54bb3c3a6d}</UniqueIdentifier>
    </Filter>
    <Filter Include="소스 파일\프리팹">
      <UniqueIdentifier>{5f5405f6-fcc6-4238-904f-146fa4d7f5c0}</UniqueIdentifier>
    </Filter>
    <Filter Include="헤더 파일">
      <UniqueIdentifier>{93995380-89BD-4b04-88EB-625FBE52EBFB}</UniqueIdentifier>
      <Extensions>h;hh;hpp;hxx;h++;hm;inl;inc;ipp;xsd</Extensions>
    </Filter>
    <Filter Include="헤더 파일\씬">
      <UniqueIdentifier>{7c6cd0a5-bf85-4d3e-80db-ff2059102906}</UniqueIdentifier>
    </Filter>
    <Filter Include="헤더 파일\컴포넌트">
      <UniqueIdentifier>{69218c7e-b0b3-4fc4-93ce-271b6d64529e}</UniqueIdentifier>
    </Filter>
    <Filter Include="헤더 파일\컴포넌트\몬스터">
      <UniqueIdentifier>{36bc6042-1860-4266-bcac-a75503190a85}</UniqueIdentifier>
    </Filter>
    <Filter Include="헤더 파일\컴포넌트\매니저">
      <UniqueIdentifier>{75a9d46d-aa57-4a8a-a6f2-999d6db72078}</UniqueIdentifier>
    </Filter>
    <Filter Include="헤더 파일\컴포넌트\카메라">
      <UniqueIdentifier>{18a9ef20-bbcb-4df3-a9a5-617d4800cd0f}</UniqueIdentifier>
    </Filter>
    <Filter Include="헤더 파일\컴포넌트\조준점">
      <UniqueIdentifier>{771cd0a6-765e-44d2-b828-7dfbd9a48354}</UniqueIdentifier>
    </Filter>
    <Filter Include="헤더 파일\컴포넌트\UI">
      <UniqueIdentifier>{204bab82-a658-41d8-ace5-dd41be618cd8}</UniqueIdentifier>
    </Filter>
    <Filter Include="헤더 파일\컴포넌트\etc">
      <UniqueIdentifier>{bc0fd2b9-0101-4f60-8cba-ffd6ade2a879}</UniqueIdentifier>
    </Filter>
    <Filter Include="헤더 파일\프리팹">
      <UniqueIdentifier>{0d56add2-f7fa-4fb7-8384-053861f45ea5}</UniqueIdentifier>
    </Filter>
    <Filter Include="헤더 파일\인터페이스">
      <UniqueIdentifier>{91c85e8e-973e-449c-91d8-a4603b49ffef}</UniqueIdentifier>
    </Filter>
  </ItemGroup>
  <ItemGroup>
    <ClCompile Include="src\GameApp.cpp">
      <Filter>소스 파일</Filter>
    </ClCompile>
    <ClCompile Include="src\component\MonsterAttack.cpp">
      <Filter>소스 파일\컴포넌트</Filter>
    </ClCompile>
    <ClCompile Include="src\component\PlayerHealth.cpp">
      <Filter>소스 파일\컴포넌트</Filter>
    </ClCompile>
    <ClCompile Include="src\scene\PlayScene.cpp">
      <Filter>소스 파일\씬</Filter>
    </ClCompile>
    <ClCompile Include="src\scene\testEnemyScene.cpp">
      <Filter>소스 파일\씬</Filter>
    </ClCompile>
    <ClCompile Include="src\scene\TestItemScene.cpp">
      <Filter>소스 파일\씬</Filter>
    </ClCompile>
    <ClCompile Include="src\prefab\CrosshairPrefab.cpp">
      <Filter>소스 파일\프리팹</Filter>
    </ClCompile>
    <ClCompile Include="src\prefab\StartMenuPrefab.cpp">
      <Filter>소스 파일\프리팹</Filter>
    </ClCompile>
    <ClCompile Include="src\scene\StartScene.cpp">
      <Filter>소스 파일\씬</Filter>
    </ClCompile>
    <ClCompile Include="src\component\GameManager.cpp">
      <Filter>소스 파일\컴포넌트</Filter>
    </ClCompile>
    <ClCompile Include="src\component\ItemManager.cpp">
      <Filter>소스 파일\컴포넌트</Filter>
    </ClCompile>
    <ClCompile Include="src\component\EnemySpawner.cpp">
      <Filter>소스 파일\컴포넌트</Filter>
    </ClCompile>
    <ClCompile Include="src\component\GimmickManager.cpp">
      <Filter>소스 파일\컴포넌트</Filter>
    </ClCompile>
    <ClCompile Include="src\component\SoundManager.cpp">
      <Filter>소스 파일\컴포넌트</Filter>
    </ClCompile>
    <ClCompile Include="src\component\TutorialImage.cpp">
      <Filter>소스 파일\컴포넌트</Filter>
    </ClCompile>
    <ClCompile Include="src\component\CrosshairMove.cpp">
      <Filter>소스 파일\컴포넌트</Filter>
    </ClCompile>
    <ClCompile Include="src\prefab\OptionWindowPrefab.cpp">
      <Filter>소스 파일\프리팹</Filter>
    </ClCompile>
    <ClCompile Include="src\component\StartMenu.cpp">
      <Filter>소스 파일\컴포넌트</Filter>
    </ClCompile>
    <ClCompile Include="src\component\GamepadRumbleManager.cpp">
      <Filter>소스 파일\컴포넌트</Filter>
    </ClCompile>
    <ClCompile Include="src\component\EnhancedCrosshairFire.cpp">
      <Filter>소스 파일\컴포넌트</Filter>
    </ClCompile>
    <ClCompile Include="src\component\CrosshairFire.cpp">
      <Filter>소스 파일\컴포넌트</Filter>
    </ClCompile>
    <ClCompile Include="src\component\GameManager2.cpp">
      <Filter>소스 파일\컴포넌트</Filter>
    </ClCompile>
  </ItemGroup>
  <ItemGroup>
    <ClInclude Include="inc\scene\PlayScene.h">
      <Filter>헤더 파일\씬</Filter>
    </ClInclude>
    <ClInclude Include="inc\scene\testEnemyScene.h">
      <Filter>헤더 파일\씬</Filter>
    </ClInclude>
    <ClInclude Include="inc\scene\TestItemScene.h">
      <Filter>헤더 파일\씬</Filter>
    </ClInclude>
    <ClInclude Include="inc\prefab\CrosshairPrefab.h">
      <Filter>헤더 파일\프리팹</Filter>
    </ClInclude>
    <ClInclude Include="inc\prefab\StartMenuPrefab.h">
      <Filter>헤더 파일\프리팹</Filter>
    </ClInclude>
    <ClInclude Include="inc\scene\StartScene.h">
      <Filter>헤더 파일\씬</Filter>
    </ClInclude>
    <ClInclude Include="inc\IAttackAble.h">
      <Filter>헤더 파일\인터페이스</Filter>
    </ClInclude>
    <ClInclude Include="inc\component\MoveCircle.h">
      <Filter>헤더 파일\컴포넌트\몬스터</Filter>
    </ClInclude>
    <ClInclude Include="inc\component\MoveEnemy.h">
      <Filter>헤더 파일\컴포넌트\몬스터</Filter>
    </ClInclude>
    <ClInclude Include="inc\component\MoveLeftRight.h">
      <Filter>헤더 파일\컴포넌트\몬스터</Filter>
    </ClInclude>
    <ClInclude Include="inc\component\MoveParabolic.h">
      <Filter>헤더 파일\컴포넌트\몬스터</Filter>
    </ClInclude>
    <ClInclude Include="inc\component\MoveUpDown.h">
      <Filter>헤더 파일\컴포넌트\몬스터</Filter>
    </ClInclude>
    <ClInclude Include="inc\component\GimmickEnemy.h">
      <Filter>헤더 파일\컴포넌트\몬스터</Filter>
    </ClInclude>
    <ClInclude Include="inc\component\BaseMovement.h">
      <Filter>헤더 파일\컴포넌트\몬스터</Filter>
    </ClInclude>
    <ClInclude Include="inc\component\BaseEnemyObject.h">
      <Filter>헤더 파일\컴포넌트\몬스터</Filter>
    </ClInclude>
    <ClInclude Include="inc\component\ItemEnemy.h">
      <Filter>헤더 파일\컴포넌트\몬스터</Filter>
    </ClInclude>
    <ClInclude Include="inc\component\CameraMove.h">
      <Filter>헤더 파일\컴포넌트\카메라</Filter>
    </ClInclude>
    <ClInclude Include="inc\component\ItemManager.h">
      <Filter>헤더 파일\컴포넌트\매니저</Filter>
    </ClInclude>
    <ClInclude Include="inc\component\EnemySpawner.h">
      <Filter>헤더 파일\컴포넌트\매니저</Filter>
    </ClInclude>
    <ClInclude Include="inc\component\GimmickManager.h">
      <Filter>헤더 파일\컴포넌트\매니저</Filter>
    </ClInclude>
    <ClInclude Include="inc\component\GameManager.h">
      <Filter>헤더 파일\컴포넌트\매니저</Filter>
    </ClInclude>
    <ClInclude Include="inc\component\CameraShaker.h">
      <Filter>헤더 파일\컴포넌트\카메라</Filter>
    </ClInclude>
    <ClInclude Include="inc\component\StartManager.h">
      <Filter>헤더 파일\컴포넌트\매니저</Filter>
    </ClInclude>
    <ClInclude Include="inc\component\CrosshairInteractButton.h">
      <Filter>헤더 파일\컴포넌트\조준점</Filter>
    </ClInclude>
    <ClInclude Include="inc\component\CrosshairCollide.h">
      <Filter>헤더 파일\컴포넌트\조준점</Filter>
    </ClInclude>
    <ClInclude Include="inc\component\StartMenu.h">
      <Filter>헤더 파일\컴포넌트\UI</Filter>
    </ClInclude>
    <ClInclude Include="inc\component\CrosshairMove.h">
      <Filter>헤더 파일\컴포넌트\조준점</Filter>
    </ClInclude>
    <ClInclude Include="inc\component\CrosshairFire.h">
      <Filter>헤더 파일\컴포넌트\조준점</Filter>
    </ClInclude>
    <ClInclude Include="inc\component\MemoryUsageGUI.h">
      <Filter>헤더 파일\컴포넌트\UI</Filter>
    </ClInclude>
    <ClInclude Include="inc\component\MonsterAttack.h">
      <Filter>헤더 파일\컴포넌트\etc</Filter>
    </ClInclude>
    <ClInclude Include="inc\component\MushroomCreator.h">
      <Filter>헤더 파일\컴포넌트\etc</Filter>
    </ClInclude>
    <ClInclude Include="inc\component\PlayerController.h">
      <Filter>헤더 파일\컴포넌트\etc</Filter>
    </ClInclude>
    <ClInclude Include="inc\component\PlayerFSMController.h">
      <Filter>헤더 파일\컴포넌트\etc</Filter>
    </ClInclude>
    <ClInclude Include="inc\component\PlayerGUI.h">
      <Filter>헤더 파일\컴포넌트\etc</Filter>
    </ClInclude>
    <ClInclude Include="inc\component\PlayerHealth.h">
      <Filter>헤더 파일\컴포넌트\etc</Filter>
    </ClInclude>
    <ClInclude Include="inc\component\PlayerMove.h">
      <Filter>헤더 파일\컴포넌트\etc</Filter>
    </ClInclude>
    <ClInclude Include="inc\component\PlayerRotate.h">
      <Filter>헤더 파일\컴포넌트\etc</Filter>
    </ClInclude>
    <ClInclude Include="inc\component\RenderInfoDraw.h">
      <Filter>헤더 파일\컴포넌트\etc</Filter>
    </ClInclude>
    <ClInclude Include="inc\component\TestComponent.h">
      <Filter>헤더 파일\컴포넌트\etc</Filter>
    </ClInclude>
    <ClInclude Include="inc\component\SoundManager.h">
      <Filter>헤더 파일\컴포넌트\매니저</Filter>
    </ClInclude>
    <ClInclude Include="inc\component\TutorialImage.h">
      <Filter>헤더 파일\컴포넌트\UI</Filter>
    </ClInclude>
    <ClInclude Include="inc\ICollideAble.h">
      <Filter>헤더 파일\인터페이스</Filter>
    </ClInclude>
    <ClInclude Include="inc\component\SliderSprite.h">
      <Filter>헤더 파일\컴포넌트\UI</Filter>
    </ClInclude>
    <ClInclude Include="inc\prefab\OptionWindowPrefab.h">
      <Filter>헤더 파일\프리팹</Filter>
    </ClInclude>
    <ClInclude Include="inc\component\OptionWindowSystem.h">
      <Filter>헤더 파일\컴포넌트\UI</Filter>
    </ClInclude>
    <ClInclude Include="inc\component\ButtonAnimation.h">
      <Filter>헤더 파일\컴포넌트\UI</Filter>
    </ClInclude>
    <ClInclude Include="inc\component\EnhancedCrosshairFire.h">
      <Filter>헤더 파일\컴포넌트\조준점</Filter>
    </ClInclude>
    <ClInclude Include="inc\struct\RumbleAnimationClip.h">
      <Filter>헤더 파일\컴포넌트\조준점</Filter>
    </ClInclude>
    <ClInclude Include="inc\component\GamepadRumbleManager.h">
      <Filter>헤더 파일\컴포넌트\매니저</Filter>
    </ClInclude>
    <ClInclude Include="inc\component\GameManager2.h">
      <Filter>헤더 파일\컴포넌트\매니저</Filter>
    </ClInclude>
  </ItemGroup>
</Project>